// !$*UTF8*$!
{
	archiveVersion = 1;
	classes = {
	};
	objectVersion = 46;
	objects = {

/* Begin PBXBuildFile section */
		01001736193417F000C14C07 /* Foundation.framework in Frameworks */ = {isa = PBXBuildFile; fileRef = 01001735193417F000C14C07 /* Foundation.framework */; };
		01001738193417F000C14C07 /* CoreGraphics.framework in Frameworks */ = {isa = PBXBuildFile; fileRef = 01001737193417F000C14C07 /* CoreGraphics.framework */; };
		0100173A193417F000C14C07 /* UIKit.framework in Frameworks */ = {isa = PBXBuildFile; fileRef = 01001739193417F000C14C07 /* UIKit.framework */; };
		01001740193417F000C14C07 /* InfoPlist.strings in Resources */ = {isa = PBXBuildFile; fileRef = 0100173E193417F000C14C07 /* InfoPlist.strings */; };
		01001742193417F000C14C07 /* main.m in Sources */ = {isa = PBXBuildFile; fileRef = 01001741193417F000C14C07 /* main.m */; };
		01001746193417F000C14C07 /* KSAppDelegate.m in Sources */ = {isa = PBXBuildFile; fileRef = 01001745193417F000C14C07 /* KSAppDelegate.m */; };
		01001749193417F000C14C07 /* Main.storyboard in Resources */ = {isa = PBXBuildFile; fileRef = 01001747193417F000C14C07 /* Main.storyboard */; };
		0100174C193417F000C14C07 /* KSViewController.m in Sources */ = {isa = PBXBuildFile; fileRef = 0100174B193417F000C14C07 /* KSViewController.m */; };
		0100174E193417F000C14C07 /* Images.xcassets in Resources */ = {isa = PBXBuildFile; fileRef = 0100174D193417F000C14C07 /* Images.xcassets */; };
		01001755193417F000C14C07 /* XCTest.framework in Frameworks */ = {isa = PBXBuildFile; fileRef = 01001754193417F000C14C07 /* XCTest.framework */; };
		01001756193417F000C14C07 /* Foundation.framework in Frameworks */ = {isa = PBXBuildFile; fileRef = 01001735193417F000C14C07 /* Foundation.framework */; };
		01001757193417F000C14C07 /* UIKit.framework in Frameworks */ = {isa = PBXBuildFile; fileRef = 01001739193417F000C14C07 /* UIKit.framework */; };
		0100175F193417F000C14C07 /* InfoPlist.strings in Resources */ = {isa = PBXBuildFile; fileRef = 0100175D193417F000C14C07 /* InfoPlist.strings */; };
		01001761193417F000C14C07 /* PhotoScrollerTestTests.m in Sources */ = {isa = PBXBuildFile; fileRef = 01001760193417F000C14C07 /* PhotoScrollerTestTests.m */; };
/* End PBXBuildFile section */

/* Begin PBXContainerItemProxy section */
		01001758193417F000C14C07 /* PBXContainerItemProxy */ = {
			isa = PBXContainerItemProxy;
			containerPortal = 0100172A193417F000C14C07 /* Project object */;
			proxyType = 1;
			remoteGlobalIDString = 01001731193417F000C14C07;
			remoteInfo = PhotoScrollerTest;
		};
/* End PBXContainerItemProxy section */

/* Begin PBXFileReference section */
		01001732193417F000C14C07 /* PhotoScrollerTest.app */ = {isa = PBXFileReference; explicitFileType = wrapper.application; includeInIndex = 0; path = PhotoScrollerTest.app; sourceTree = BUILT_PRODUCTS_DIR; };
		01001735193417F000C14C07 /* Foundation.framework */ = {isa = PBXFileReference; lastKnownFileType = wrapper.framework; name = Foundation.framework; path = System/Library/Frameworks/Foundation.framework; sourceTree = SDKROOT; };
		01001737193417F000C14C07 /* CoreGraphics.framework */ = {isa = PBXFileReference; lastKnownFileType = wrapper.framework; name = CoreGraphics.framework; path = System/Library/Frameworks/CoreGraphics.framework; sourceTree = SDKROOT; };
		01001739193417F000C14C07 /* UIKit.framework */ = {isa = PBXFileReference; lastKnownFileType = wrapper.framework; name = UIKit.framework; path = System/Library/Frameworks/UIKit.framework; sourceTree = SDKROOT; };
		0100173D193417F000C14C07 /* PhotoScrollerTest-Info.plist */ = {isa = PBXFileReference; lastKnownFileType = text.plist.xml; path = "PhotoScrollerTest-Info.plist"; sourceTree = "<group>"; };
		0100173F193417F000C14C07 /* en */ = {isa = PBXFileReference; lastKnownFileType = text.plist.strings; name = en; path = en.lproj/InfoPlist.strings; sourceTree = "<group>"; };
		01001741193417F000C14C07 /* main.m */ = {isa = PBXFileReference; lastKnownFileType = sourcecode.c.objc; path = main.m; sourceTree = "<group>"; };
		01001743193417F000C14C07 /* PhotoScrollerTest-Prefix.pch */ = {isa = PBXFileReference; lastKnownFileType = sourcecode.c.h; path = "PhotoScrollerTest-Prefix.pch"; sourceTree = "<group>"; };
		01001744193417F000C14C07 /* KSAppDelegate.h */ = {isa = PBXFileReference; lastKnownFileType = sourcecode.c.h; path = KSAppDelegate.h; sourceTree = "<group>"; };
		01001745193417F000C14C07 /* KSAppDelegate.m */ = {isa = PBXFileReference; lastKnownFileType = sourcecode.c.objc; path = KSAppDelegate.m; sourceTree = "<group>"; };
		01001748193417F000C14C07 /* Base */ = {isa = PBXFileReference; lastKnownFileType = file.storyboard; name = Base; path = Base.lproj/Main.storyboard; sourceTree = "<group>"; };
		0100174A193417F000C14C07 /* KSViewController.h */ = {isa = PBXFileReference; lastKnownFileType = sourcecode.c.h; path = KSViewController.h; sourceTree = "<group>"; };
		0100174B193417F000C14C07 /* KSViewController.m */ = {isa = PBXFileReference; lastKnownFileType = sourcecode.c.objc; path = KSViewController.m; sourceTree = "<group>"; };
		0100174D193417F000C14C07 /* Images.xcassets */ = {isa = PBXFileReference; lastKnownFileType = folder.assetcatalog; path = Images.xcassets; sourceTree = "<group>"; };
		01001753193417F000C14C07 /* PhotoScrollerTestTests.xctest */ = {isa = PBXFileReference; explicitFileType = wrapper.cfbundle; includeInIndex = 0; path = PhotoScrollerTestTests.xctest; sourceTree = BUILT_PRODUCTS_DIR; };
		01001754193417F000C14C07 /* XCTest.framework */ = {isa = PBXFileReference; lastKnownFileType = wrapper.framework; name = XCTest.framework; path = Library/Frameworks/XCTest.framework; sourceTree = DEVELOPER_DIR; };
		0100175C193417F000C14C07 /* PhotoScrollerTestTests-Info.plist */ = {isa = PBXFileReference; lastKnownFileType = text.plist.xml; path = "PhotoScrollerTestTests-Info.plist"; sourceTree = "<group>"; };
		0100175E193417F000C14C07 /* en */ = {isa = PBXFileReference; lastKnownFileType = text.plist.strings; name = en; path = en.lproj/InfoPlist.strings; sourceTree = "<group>"; };
		01001760193417F000C14C07 /* PhotoScrollerTestTests.m */ = {isa = PBXFileReference; lastKnownFileType = sourcecode.c.objc; path = PhotoScrollerTestTests.m; sourceTree = "<group>"; };
/* End PBXFileReference section */

/* Begin PBXFrameworksBuildPhase section */
		0100172F193417F000C14C07 /* Frameworks */ = {
			isa = PBXFrameworksBuildPhase;
			buildActionMask = 2147483647;
			files = (
				01001738193417F000C14C07 /* CoreGraphics.framework in Frameworks */,
				0100173A193417F000C14C07 /* UIKit.framework in Frameworks */,
				01001736193417F000C14C07 /* Foundation.framework in Frameworks */,
			);
			runOnlyForDeploymentPostprocessing = 0;
		};
		01001750193417F000C14C07 /* Frameworks */ = {
			isa = PBXFrameworksBuildPhase;
			buildActionMask = 2147483647;
			files = (
				01001755193417F000C14C07 /* XCTest.framework in Frameworks */,
				01001757193417F000C14C07 /* UIKit.framework in Frameworks */,
				01001756193417F000C14C07 /* Foundation.framework in Frameworks */,
			);
			runOnlyForDeploymentPostprocessing = 0;
		};
/* End PBXFrameworksBuildPhase section */

/* Begin PBXGroup section */
		01001729193417F000C14C07 = {
			isa = PBXGroup;
			children = (
				0100173B193417F000C14C07 /* PhotoScrollerTest */,
				0100175A193417F000C14C07 /* PhotoScrollerTestTests */,
				01001734193417F000C14C07 /* Frameworks */,
				01001733193417F000C14C07 /* Products */,
			);
			sourceTree = "<group>";
		};
		01001733193417F000C14C07 /* Products */ = {
			isa = PBXGroup;
			children = (
				01001732193417F000C14C07 /* PhotoScrollerTest.app */,
				01001753193417F000C14C07 /* PhotoScrollerTestTests.xctest */,
			);
			name = Products;
			sourceTree = "<group>";
		};
		01001734193417F000C14C07 /* Frameworks */ = {
			isa = PBXGroup;
			children = (
				01001735193417F000C14C07 /* Foundation.framework */,
				01001737193417F000C14C07 /* CoreGraphics.framework */,
				01001739193417F000C14C07 /* UIKit.framework */,
				01001754193417F000C14C07 /* XCTest.framework */,
			);
			name = Frameworks;
			sourceTree = "<group>";
		};
		0100173B193417F000C14C07 /* PhotoScrollerTest */ = {
			isa = PBXGroup;
			children = (
				01001744193417F000C14C07 /* KSAppDelegate.h */,
				01001745193417F000C14C07 /* KSAppDelegate.m */,
				01001747193417F000C14C07 /* Main.storyboard */,
				0100174A193417F000C14C07 /* KSViewController.h */,
				0100174B193417F000C14C07 /* KSViewController.m */,
				0100174D193417F000C14C07 /* Images.xcassets */,
				0100173C193417F000C14C07 /* Supporting Files */,
			);
			path = PhotoScrollerTest;
			sourceTree = "<group>";
		};
		0100173C193417F000C14C07 /* Supporting Files */ = {
			isa = PBXGroup;
			children = (
				0100173D193417F000C14C07 /* PhotoScrollerTest-Info.plist */,
				0100173E193417F000C14C07 /* InfoPlist.strings */,
				01001741193417F000C14C07 /* main.m */,
				01001743193417F000C14C07 /* PhotoScrollerTest-Prefix.pch */,
			);
			name = "Supporting Files";
			sourceTree = "<group>";
		};
		0100175A193417F000C14C07 /* PhotoScrollerTestTests */ = {
			isa = PBXGroup;
			children = (
				01001760193417F000C14C07 /* PhotoScrollerTestTests.m */,
				0100175B193417F000C14C07 /* Supporting Files */,
			);
			path = PhotoScrollerTestTests;
			sourceTree = "<group>";
		};
		0100175B193417F000C14C07 /* Supporting Files */ = {
			isa = PBXGroup;
			children = (
				0100175C193417F000C14C07 /* PhotoScrollerTestTests-Info.plist */,
				0100175D193417F000C14C07 /* InfoPlist.strings */,
			);
			name = "Supporting Files";
			sourceTree = "<group>";
		};
/* End PBXGroup section */

/* Begin PBXNativeTarget section */
		01001731193417F000C14C07 /* PhotoScrollerTest */ = {
			isa = PBXNativeTarget;
			buildConfigurationList = 01001764193417F000C14C07 /* Build configuration list for PBXNativeTarget "PhotoScrollerTest" */;
			buildPhases = (
				0100172E193417F000C14C07 /* Sources */,
				0100172F193417F000C14C07 /* Frameworks */,
				01001730193417F000C14C07 /* Resources */,
			);
			buildRules = (
			);
			dependencies = (
			);
			name = PhotoScrollerTest;
			productName = PhotoScrollerTest;
			productReference = 01001732193417F000C14C07 /* PhotoScrollerTest.app */;
			productType = "com.apple.product-type.application";
		};
		01001752193417F000C14C07 /* PhotoScrollerTestTests */ = {
			isa = PBXNativeTarget;
			buildConfigurationList = 01001767193417F000C14C07 /* Build configuration list for PBXNativeTarget "PhotoScrollerTestTests" */;
			buildPhases = (
				0100174F193417F000C14C07 /* Sources */,
				01001750193417F000C14C07 /* Frameworks */,
				01001751193417F000C14C07 /* Resources */,
			);
			buildRules = (
			);
			dependencies = (
				01001759193417F000C14C07 /* PBXTargetDependency */,
			);
			name = PhotoScrollerTestTests;
			productName = PhotoScrollerTestTests;
			productReference = 01001753193417F000C14C07 /* PhotoScrollerTestTests.xctest */;
			productType = "com.apple.product-type.bundle.unit-test";
		};
/* End PBXNativeTarget section */

/* Begin PBXProject section */
		0100172A193417F000C14C07 /* Project object */ = {
			isa = PBXProject;
			attributes = {
				CLASSPREFIX = KS;
				LastUpgradeCheck = 0510;
				ORGANIZATIONNAME = "Scott Richards";
				TargetAttributes = {
					01001752193417F000C14C07 = {
						TestTargetID = 01001731193417F000C14C07;
					};
				};
			};
			buildConfigurationList = 0100172D193417F000C14C07 /* Build configuration list for PBXProject "PhotoScrollerTest" */;
			compatibilityVersion = "Xcode 3.2";
			developmentRegion = English;
			hasScannedForEncodings = 0;
			knownRegions = (
				en,
				Base,
			);
			mainGroup = 01001729193417F000C14C07;
			productRefGroup = 01001733193417F000C14C07 /* Products */;
			projectDirPath = "";
			projectRoot = "";
			targets = (
				01001731193417F000C14C07 /* PhotoScrollerTest */,
				01001752193417F000C14C07 /* PhotoScrollerTestTests */,
			);
		};
/* End PBXProject section */

/* Begin PBXResourcesBuildPhase section */
		01001730193417F000C14C07 /* Resources */ = {
			isa = PBXResourcesBuildPhase;
			buildActionMask = 2147483647;
			files = (
				0100174E193417F000C14C07 /* Images.xcassets in Resources */,
				01001740193417F000C14C07 /* InfoPlist.strings in Resources */,
				01001749193417F000C14C07 /* Main.storyboard in Resources */,
			);
			runOnlyForDeploymentPostprocessing = 0;
		};
		01001751193417F000C14C07 /* Resources */ = {
			isa = PBXResourcesBuildPhase;
			buildActionMask = 2147483647;
			files = (
				0100175F193417F000C14C07 /* InfoPlist.strings in Resources */,
			);
			runOnlyForDeploymentPostprocessing = 0;
		};
/* End PBXResourcesBuildPhase section */

/* Begin PBXSourcesBuildPhase section */
		0100172E193417F000C14C07 /* Sources */ = {
			isa = PBXSourcesBuildPhase;
			buildActionMask = 2147483647;
			files = (
				0100174C193417F000C14C07 /* KSViewController.m in Sources */,
				01001746193417F000C14C07 /* KSAppDelegate.m in Sources */,
				01001742193417F000C14C07 /* main.m in Sources */,
			);
			runOnlyForDeploymentPostprocessing = 0;
		};
		0100174F193417F000C14C07 /* Sources */ = {
			isa = PBXSourcesBuildPhase;
			buildActionMask = 2147483647;
			files = (
				01001761193417F000C14C07 /* PhotoScrollerTestTests.m in Sources */,
			);
			runOnlyForDeploymentPostprocessing = 0;
		};
/* End PBXSourcesBuildPhase section */

/* Begin PBXTargetDependency section */
		01001759193417F000C14C07 /* PBXTargetDependency */ = {
			isa = PBXTargetDependency;
			target = 01001731193417F000C14C07 /* PhotoScrollerTest */;
			targetProxy = 01001758193417F000C14C07 /* PBXContainerItemProxy */;
		};
/* End PBXTargetDependency section */

/* Begin PBXVariantGroup section */
		0100173E193417F000C14C07 /* InfoPlist.strings */ = {
			isa = PBXVariantGroup;
			children = (
				0100173F193417F000C14C07 /* en */,
			);
			name = InfoPlist.strings;
			sourceTree = "<group>";
		};
		01001747193417F000C14C07 /* Main.storyboard */ = {
			isa = PBXVariantGroup;
			children = (
				01001748193417F000C14C07 /* Base */,
			);
			name = Main.storyboard;
			sourceTree = "<group>";
		};
		0100175D193417F000C14C07 /* InfoPlist.strings */ = {
			isa = PBXVariantGroup;
			children = (
				0100175E193417F000C14C07 /* en */,
			);
			name = InfoPlist.strings;
			sourceTree = "<group>";
		};
/* End PBXVariantGroup section */

/* Begin XCBuildConfiguration section */
		01001762193417F000C14C07 /* Debug */ = {
			isa = XCBuildConfiguration;
			buildSettings = {
				ALWAYS_SEARCH_USER_PATHS = NO;
				CLANG_CXX_LANGUAGE_STANDARD = "gnu++0x";
				CLANG_CXX_LIBRARY = "libc++";
				CLANG_ENABLE_MODULES = YES;
				CLANG_ENABLE_OBJC_ARC = YES;
				CLANG_WARN_BOOL_CONVERSION = YES;
				CLANG_WARN_CONSTANT_CONVERSION = YES;
				CLANG_WARN_DIRECT_OBJC_ISA_USAGE = YES_ERROR;
				CLANG_WARN_EMPTY_BODY = YES;
				CLANG_WARN_ENUM_CONVERSION = YES;
				CLANG_WARN_INT_CONVERSION = YES;
				CLANG_WARN_OBJC_ROOT_CLASS = YES_ERROR;
				CLANG_WARN__DUPLICATE_METHOD_MATCH = YES;
				"CODE_SIGN_IDENTITY[sdk=iphoneos*]" = "iPhone Developer";
				COPY_PHASE_STRIP = NO;
				GCC_C_LANGUAGE_STANDARD = gnu99;
				GCC_DYNAMIC_NO_PIC = NO;
				GCC_OPTIMIZATION_LEVEL = 0;
				GCC_PREPROCESSOR_DEFINITIONS = (
					"DEBUG=1",
					"$(inherited)",
				);
				GCC_SYMBOLS_PRIVATE_EXTERN = NO;
				GCC_WARN_64_TO_32_BIT_CONVERSION = YES;
				GCC_WARN_ABOUT_RETURN_TYPE = YES_ERROR;
				GCC_WARN_UNDECLARED_SELECTOR = YES;
				GCC_WARN_UNINITIALIZED_AUTOS = YES_AGGRESSIVE;
				GCC_WARN_UNUSED_FUNCTION = YES;
				GCC_WARN_UNUSED_VARIABLE = YES;
				IPHONEOS_DEPLOYMENT_TARGET = 7.1;
				ONLY_ACTIVE_ARCH = YES;
				SDKROOT = iphoneos;
			};
			name = Debug;
		};
		01001763193417F000C14C07 /* Release */ = {
			isa = XCBuildConfiguration;
			buildSettings = {
				ALWAYS_SEARCH_USER_PATHS = NO;
				CLANG_CXX_LANGUAGE_STANDARD = "gnu++0x";
				CLANG_CXX_LIBRARY = "libc++";
				CLANG_ENABLE_MODULES = YES;
				CLANG_ENABLE_OBJC_ARC = YES;
				CLANG_WARN_BOOL_CONVERSION = YES;
				CLANG_WARN_CONSTANT_CONVERSION = YES;
				CLANG_WARN_DIRECT_OBJC_ISA_USAGE = YES_ERROR;
				CLANG_WARN_EMPTY_BODY = YES;
				CLANG_WARN_ENUM_CONVERSION = YES;
				CLANG_WARN_INT_CONVERSION = YES;
				CLANG_WARN_OBJC_ROOT_CLASS = YES_ERROR;
				CLANG_WARN__DUPLICATE_METHOD_MATCH = YES;
				"CODE_SIGN_IDENTITY[sdk=iphoneos*]" = "iPhone Developer";
				COPY_PHASE_STRIP = YES;
				ENABLE_NS_ASSERTIONS = NO;
				GCC_C_LANGUAGE_STANDARD = gnu99;
				GCC_WARN_64_TO_32_BIT_CONVERSION = YES;
				GCC_WARN_ABOUT_RETURN_TYPE = YES_ERROR;
				GCC_WARN_UNDECLARED_SELECTOR = YES;
				GCC_WARN_UNINITIALIZED_AUTOS = YES_AGGRESSIVE;
				GCC_WARN_UNUSED_FUNCTION = YES;
				GCC_WARN_UNUSED_VARIABLE = YES;
				IPHONEOS_DEPLOYMENT_TARGET = 7.1;
				SDKROOT = iphoneos;
				VALIDATE_PRODUCT = YES;
			};
			name = Release;
		};
		01001765193417F000C14C07 /* Debug */ = {
			isa = XCBuildConfiguration;
			buildSettings = {
				ASSETCATALOG_COMPILER_APPICON_NAME = AppIcon;
				ASSETCATALOG_COMPILER_LAUNCHIMAGE_NAME = LaunchImage;
				GCC_PRECOMPILE_PREFIX_HEADER = YES;
				GCC_PREFIX_HEADER = "PhotoScrollerTest/PhotoScrollerTest-Prefix.pch";
				INFOPLIST_FILE = "PhotoScrollerTest/PhotoScrollerTest-Info.plist";
				PRODUCT_NAME = "$(TARGET_NAME)";
				WRAPPER_EXTENSION = app;
			};
			name = Debug;
		};
		01001766193417F000C14C07 /* Release */ = {
			isa = XCBuildConfiguration;
			buildSettings = {
				ASSETCATALOG_COMPILER_APPICON_NAME = AppIcon;
				ASSETCATALOG_COMPILER_LAUNCHIMAGE_NAME = LaunchImage;
				GCC_PRECOMPILE_PREFIX_HEADER = YES;
				GCC_PREFIX_HEADER = "PhotoScrollerTest/PhotoScrollerTest-Prefix.pch";
				INFOPLIST_FILE = "PhotoScrollerTest/PhotoScrollerTest-Info.plist";
				PRODUCT_NAME = "$(TARGET_NAME)";
				WRAPPER_EXTENSION = app;
			};
			name = Release;
		};
		01001768193417F000C14C07 /* Debug */ = {
			isa = XCBuildConfiguration;
			buildSettings = {
				BUNDLE_LOADER = "$(BUILT_PRODUCTS_DIR)/PhotoScrollerTest.app/PhotoScrollerTest";
				FRAMEWORK_SEARCH_PATHS = (
					"$(SDKROOT)/Developer/Library/Frameworks",
					"$(inherited)",
					"$(DEVELOPER_FRAMEWORKS_DIR)",
				);
				GCC_PRECOMPILE_PREFIX_HEADER = YES;
				GCC_PREFIX_HEADER = "PhotoScrollerTest/PhotoScrollerTest-Prefix.pch";
				GCC_PREPROCESSOR_DEFINITIONS = (
					"DEBUG=1",
					"$(inherited)",
				);
				INFOPLIST_FILE = "PhotoScrollerTestTests/PhotoScrollerTestTests-Info.plist";
				PRODUCT_NAME = "$(TARGET_NAME)";
				TEST_HOST = "$(BUNDLE_LOADER)";
				WRAPPER_EXTENSION = xctest;
			};
			name = Debug;
		};
		01001769193417F000C14C07 /* Release */ = {
			isa = XCBuildConfiguration;
			buildSettings = {
				BUNDLE_LOADER = "$(BUILT_PRODUCTS_DIR)/PhotoScrollerTest.app/PhotoScrollerTest";
				FRAMEWORK_SEARCH_PATHS = (
					"$(SDKROOT)/Developer/Library/Frameworks",
					"$(inherited)",
					"$(DEVELOPER_FRAMEWORKS_DIR)",
				);
				GCC_PRECOMPILE_PREFIX_HEADER = YES;
				GCC_PREFIX_HEADER = "PhotoScrollerTest/PhotoScrollerTest-Prefix.pch";
				INFOPLIST_FILE = "PhotoScrollerTestTests/PhotoScrollerTestTests-Info.plist";
				PRODUCT_NAME = "$(TARGET_NAME)";
				TEST_HOST = "$(BUNDLE_LOADER)";
				WRAPPER_EXTENSION = xctest;
			};
			name = Release;
		};
/* End XCBuildConfiguration section */

/* Begin XCConfigurationList section */
		0100172D193417F000C14C07 /* Build configuration list for PBXProject "PhotoScrollerTest" */ = {
			isa = XCConfigurationList;
			buildConfigurations = (
				01001762193417F000C14C07 /* Debug */,
				01001763193417F000C14C07 /* Release */,
			);
			defaultConfigurationIsVisible = 0;
			defaultConfigurationName = Release;
		};
		01001764193417F000C14C07 /* Build configuration list for PBXNativeTarget "PhotoScrollerTest" */ = {
			isa = XCConfigurationList;
			buildConfigurations = (
				01001765193417F000C14C07 /* Debug */,
				01001766193417F000C14C07 /* Release */,
			);
			defaultConfigurationIsVisible = 0;
		};
		01001767193417F000C14C07 /* Build configuration list for PBXNativeTarget "PhotoScrollerTestTests" */ = {
			isa = XCConfigurationList;
			buildConfigurations = (
				01001768193417F000C14C07 /* Debug */,
				01001769193417F000C14C07 /* Release */,
			);
			defaultConfigurationIsVisible = 0;
		};
/* End XCConfigurationList section */
	};
	rootObject = 0100172A193417F000C14C07 /* Project object */;
}
